version = 1
revision = 3
requires-python = ">=3.10, <3.13"
resolution-markers = [
    "python_full_version >= '3.12'",
    "python_full_version == '3.11.*'",
    "python_full_version < '3.11'",
]

[[package]]
name = "agate"
version = "1.9.1"
source = { registry = "https://pypi.org/simple" }
dependencies = [
    { name = "babel" },
    { name = "isodate" },
    { name = "leather" },
    { name = "parsedatetime" },
    { name = "python-slugify" },
    { name = "pytimeparse" },
    { name = "tzdata", marker = "sys_platform == 'win32'" },
]
sdist = { url = "https://files.pythonhosted.org/packages/29/77/6f5df1c68bf056f5fdefc60ccc616303c6211e71cd6033c830c12735f605/agate-1.9.1.tar.gz", hash = "sha256:bc60880c2ee59636a2a80cd8603d63f995be64526abf3cbba12f00767bcd5b3d", size = 202303, upload-time = "2023-12-21T20:05:24.316Z" }
wheels = [
    { url = "https://files.pythonhosted.org/packages/d1/53/89b197cb472a3175d73384761a3413fd58e6b65a794c1102d148b8de87bd/agate-1.9.1-py2.py3-none-any.whl", hash = "sha256:1cf329510b3dde07c4ad1740b7587c9c679abc3dcd92bb1107eabc10c2e03c50", size = 95085, upload-time = "2023-12-21T20:05:21.954Z" },
]

[[package]]
name = "aiosqlite"
version = "0.21.0"
source = { registry = "https://pypi.org/simple" }
dependencies = [
    { name = "typing-extensions" },
]
sdist = { url = "https://files.pythonhosted.org/packages/13/7d/8bca2bf9a247c2c5dfeec1d7a5f40db6518f88d314b8bca9da29670d2671/aiosqlite-0.21.0.tar.gz", hash = "sha256:131bb8056daa3bc875608c631c678cda73922a2d4ba8aec373b19f18c17e7aa3", size = 13454, upload-time = "2025-02-03T07:30:16.235Z" }
wheels = [
    { url = "https://files.pythonhosted.org/packages/f5/10/6c25ed6de94c49f88a91fa5018cb4c0f3625f31d5be9f771ebe5cc7cd506/aiosqlite-0.21.0-py3-none-any.whl", hash = "sha256:2549cf4057f95f53dcba16f2b64e8e2791d7e1adedb13197dd8ed77bb226d7d0", size = 15792, upload-time = "2025-02-03T07:30:13.6Z" },
]

[[package]]
name = "alembic"
version = "1.17.1"
source = { registry = "https://pypi.org/simple" }
dependencies = [
    { name = "mako" },
    { name = "sqlalchemy" },
    { name = "tomli", marker = "python_full_version < '3.11'" },
    { name = "typing-extensions" },
]
sdist = { url = "https://files.pythonhosted.org/packages/6e/b6/2a81d7724c0c124edc5ec7a167e85858b6fd31b9611c6fb8ecf617b7e2d3/alembic-1.17.1.tar.gz", hash = "sha256:8a289f6778262df31571d29cca4c7fbacd2f0f582ea0816f4c399b6da7528486", size = 1981285, upload-time = "2025-10-29T00:23:16.667Z" }
wheels = [
    { url = "https://files.pythonhosted.org/packages/a5/32/7df1d81ec2e50fb661944a35183d87e62d3f6c6d9f8aff64a4f245226d55/alembic-1.17.1-py3-none-any.whl", hash = "sha256:cbc2386e60f89608bb63f30d2d6cc66c7aaed1fe105bd862828600e5ad167023", size = 247848, upload-time = "2025-10-29T00:23:18.79Z" },
]

[[package]]
name = "altair"
version = "4.2.2"
source = { registry = "https://pypi.org/simple" }
dependencies = [
    { name = "entrypoints" },
    { name = "jinja2" },
    { name = "jsonschema" },
    { name = "numpy" },
    { name = "pandas" },
    { name = "toolz" },
]
sdist = { url = "https://files.pythonhosted.org/packages/ec/bf/781b607da4c1a2a7211cd570bd7e22e0accd4deaf1074c32ac7344a09339/altair-4.2.2.tar.gz", hash = "sha256:39399a267c49b30d102c10411e67ab26374156a84b1aeb9fcd15140429ba49c5", size = 740430, upload-time = "2023-01-27T22:51:11.045Z" }
wheels = [
    { url = "https://files.pythonhosted.org/packages/18/62/47452306e84d4d2e67f9c559380aeb230f5e6ca84fafb428dd36b96a99ba/altair-4.2.2-py3-none-any.whl", hash = "sha256:8b45ebeaf8557f2d760c5c77b79f02ae12aee7c46c27c06014febab6f849bc87", size = 813630, upload-time = "2023-01-27T22:51:08.935Z" },
]

[[package]]
name = "annotated-types"
version = "0.7.0"
source = { registry = "https://pypi.org/simple" }
sdist = { url = "https://files.pythonhosted.org/packages/ee/67/531ea369ba64dcff5ec9c3402f9f51bf748cec26dde048a2f973a4eea7f5/annotated_types-0.7.0.tar.gz", hash = "sha256:aff07c09a53a08bc8cfccb9c85b05f1aa9a2a6f23728d790723543408344ce89", size = 16081, upload-time = "2024-05-20T21:33:25.928Z" }
wheels = [
    { url = "https://files.pythonhosted.org/packages/78/b6/6307fbef88d9b5ee7421e68d78a9f162e0da4900bc5f5793f6d3d0e34fb8/annotated_types-0.7.0-py3-none-any.whl", hash = "sha256:1f02e8b43a8fbbc3f3e0d4f0f4bfc8131bcb4eebe8849b8e5c773f3a1c582a53", size = 13643, upload-time = "2024-05-20T21:33:24.1Z" },
]

[[package]]
name = "anyio"
version = "4.11.0"
source = { registry = "https://pypi.org/simple" }
dependencies = [
    { name = "exceptiongroup", marker = "python_full_version < '3.11'" },
    { name = "idna" },
    { name = "sniffio" },
    { name = "typing-extensions" },
]
sdist = { url = "https://files.pythonhosted.org/packages/c6/78/7d432127c41b50bccba979505f272c16cbcadcc33645d5fa3a738110ae75/anyio-4.11.0.tar.gz", hash = "sha256:82a8d0b81e318cc5ce71a5f1f8b5c4e63619620b63141ef8c995fa0db95a57c4", size = 219094, upload-time = "2025-09-23T09:19:12.58Z" }
wheels = [
    { url = "https://files.pythonhosted.org/packages/15/b3/9b1a8074496371342ec1e796a96f99c82c945a339cd81a8e73de28b4cf9e/anyio-4.11.0-py3-none-any.whl", hash = "sha256:0287e96f4d26d4149305414d4e3bc32f0dcd0862365a4bddea19d7a1ec38c4fc", size = 109097, upload-time = "2025-09-23T09:19:10.601Z" },
]

[[package]]
name = "appdirs"
version = "1.4.4"
source = { registry = "https://pypi.org/simple" }
sdist = { url = "https://files.pythonhosted.org/packages/d7/d8/05696357e0311f5b5c316d7b95f46c669dd9c15aaeecbb48c7d0aeb88c40/appdirs-1.4.4.tar.gz", hash = "sha256:7d5d0167b2b1ba821647616af46a749d1c653740dd0d2415100fe26e27afdf41", size = 13470, upload-time = "2020-05-11T07:59:51.037Z" }
wheels = [
    { url = "https://files.pythonhosted.org/packages/3b/00/2344469e2084fb287c2e0b57b72910309874c3245463acd6cf5e3db69324/appdirs-1.4.4-py2.py3-none-any.whl", hash = "sha256:a841dacd6b99318a741b166adb07e19ee71a274450e68237b4650ca1055ab128", size = 9566, upload-time = "2020-05-11T07:59:49.499Z" },
]

[[package]]
name = "appnope"
version = "0.1.4"
source = { registry = "https://pypi.org/simple" }
sdist = { url = "https://files.pythonhosted.org/packages/35/5d/752690df9ef5b76e169e68d6a129fa6d08a7100ca7f754c89495db3c6019/appnope-0.1.4.tar.gz", hash = "sha256:1de3860566df9caf38f01f86f65e0e13e379af54f9e4bee1e66b48f2efffd1ee", size = 4170, upload-time = "2024-02-06T09:43:11.258Z" }
wheels = [
    { url = "https://files.pythonhosted.org/packages/81/29/5ecc3a15d5a33e31b26c11426c45c501e439cb865d0bff96315d86443b78/appnope-0.1.4-py2.py3-none-any.whl", hash = "sha256:502575ee11cd7a28c0205f379b525beefebab9d161b7c964670864014ed7213c", size = 4321, upload-time = "2024-02-06T09:43:09.663Z" },
]

[[package]]
name = "apprise"
version = "1.9.5"
source = { registry = "https://pypi.org/simple" }
dependencies = [
    { name = "certifi" },
    { name = "click" },
    { name = "markdown" },
    { name = "pyyaml" },
    { name = "requests" },
    { name = "requests-oauthlib" },
    { name = "tzdata", marker = "sys_platform == 'win32'" },
]
sdist = { url = "https://files.pythonhosted.org/packages/60/16/e39338b8310af9466fab6f4482b542e24cb1fcbb7e36bf00c089c4e015e7/apprise-1.9.5.tar.gz", hash = "sha256:8f3be318bb429c2017470e33928a2e313cbf7600fc74b8184782a37060db366a", size = 1877134, upload-time = "2025-09-30T15:57:28.046Z" }
wheels = [
    { url = "https://files.pythonhosted.org/packages/0d/f1/318762320d966e528dfb9e6be5953fe7df2952156f15ba857cbccafb630c/apprise-1.9.5-py3-none-any.whl", hash = "sha256:1873a8a1b8cf9e44fcbefe0486ed260b590652aea12427f545b37c8566142961", size = 1421011, upload-time = "2025-09-30T15:57:26.268Z" },
]

[[package]]
name = "argon2-cffi"
version = "25.1.0"
source = { registry = "https://pypi.org/simple" }
dependencies = [
    { name = "argon2-cffi-bindings" },
]
sdist = { url = "https://files.pythonhosted.org/packages/0e/89/ce5af8a7d472a67cc819d5d998aa8c82c5d860608c4db9f46f1162d7dab9/argon2_cffi-25.1.0.tar.gz", hash = "sha256:694ae5cc8a42f4c4e2bf2ca0e64e51e23a040c6a517a85074683d3959e1346c1", size = 45706, upload-time = "2025-06-03T06:55:32.073Z" }
wheels = [
    { url = "https://files.pythonhosted.org/packages/4f/d3/a8b22fa575b297cd6e3e3b0155c7e25db170edf1c74783d6a31a2490b8d9/argon2_cffi-25.1.0-py3-none-any.whl", hash = "sha256:fdc8b074db390fccb6eb4a3604ae7231f219aa669a2652e0f20e16ba513d5741", size = 14657, upload-time = "2025-06-03T06:55:30.804Z" },
]

[[package]]
name = "argon2-cffi-bindings"
version = "25.1.0"
source = { registry = "https://pypi.org/simple" }
dependencies = [
    { name = "cffi" },
]
sdist = { url = "https://files.pythonhosted.org/packages/5c/2d/db8af0df73c1cf454f71b2bbe5e356b8c1f8041c979f505b3d3186e520a9/argon2_cffi_bindings-25.1.0.tar.gz", hash = "sha256:b957f3e6ea4d55d820e40ff76f450952807013d361a65d7f28acc0acbf29229d", size = 1783441, upload-time = "2025-07-30T10:02:05.147Z" }
wheels = [
    { url = "https://files.pythonhosted.org/packages/1d/57/96b8b9f93166147826da5f90376e784a10582dd39a393c99bb62cfcf52f0/argon2_cffi_bindings-25.1.0-cp39-abi3-macosx_10_9_universal2.whl", hash = "sha256:aecba1723ae35330a008418a91ea6cfcedf6d31e5fbaa056a166462ff066d500", size = 54121, upload-time = "2025-07-30T10:01:50.815Z" },
    { url = "https://files.pythonhosted.org/packages/0a/08/a9bebdb2e0e602dde230bdde8021b29f71f7841bd54801bcfd514acb5dcf/argon2_cffi_bindings-25.1.0-cp39-abi3-macosx_10_9_x86_64.whl", hash = "sha256:2630b6240b495dfab90aebe159ff784d08ea999aa4b0d17efa734055a07d2f44", size = 29177, upload-time = "2025-07-30T10:01:51.681Z" },
    { url = "https://files.pythonhosted.org/packages/b6/02/d297943bcacf05e4f2a94ab6f462831dc20158614e5d067c35d4e63b9acb/argon2_cffi_bindings-25.1.0-cp39-abi3-macosx_11_0_arm64.whl", hash = "sha256:7aef0c91e2c0fbca6fc68e7555aa60ef7008a739cbe045541e438373bc54d2b0", size = 31090, upload-time = "2025-07-30T10:01:53.184Z" },
    { url = "https://files.pythonhosted.org/packages/c1/93/44365f3d75053e53893ec6d733e4a5e3147502663554b4d864587c7828a7/argon2_cffi_bindings-25.1.0-cp39-abi3-manylinux_2_26_aarch64.manylinux_2_28_aarch64.whl", hash = "sha256:1e021e87faa76ae0d413b619fe2b65ab9a037f24c60a1e6cc43457ae20de6dc6", size = 81246, upload-time = "2025-07-30T10:01:54.145Z" },
    { url = "https://files.pythonhosted.org/packages/09/52/94108adfdd6e2ddf58be64f959a0b9c7d4ef2fa71086c38356d22dc501ea/argon2_cffi_bindings-25.1.0-cp39-abi3-manylinux_2_26_x86_64.manylinux_2_28_x86_64.whl", hash = "sha256:d3e924cfc503018a714f94a49a149fdc0b644eaead5d1f089330399134fa028a", size = 87126, upload-time = "2025-07-30T10:01:55.074Z" },
    { url = "https://files.pythonhosted.org/packages/72/70/7a2993a12b0ffa2a9271259b79cc616e2389ed1a4d93842fac5a1f923ffd/argon2_cffi_bindings-25.1.0-cp39-abi3-musllinux_1_2_aarch64.whl", hash = "sha256:c87b72589133f0346a1cb8d5ecca4b933e3c9b64656c9d175270a000e73b288d", size = 80343, upload-time = "2025-07-30T10:01:56.007Z" },
    { url = "https://files.pythonhosted.org/packages/78/9a/4e5157d893ffc712b74dbd868c7f62365618266982b64accab26bab01edc/argon2_cffi_bindings-25.1.0-cp39-abi3-musllinux_1_2_x86_64.whl", hash = "sha256:1db89609c06afa1a214a69a462ea741cf735b29a57530478c06eb81dd403de99", size = 86777, upload-time = "2025-07-30T10:01:56.943Z" },
    { url = "https://files.pythonhosted.org/packages/74/cd/15777dfde1c29d96de7f18edf4cc94c385646852e7c7b0320aa91ccca583/argon2_cffi_bindings-25.1.0-cp39-abi3-win32.whl", hash = "sha256:473bcb5f82924b1becbb637b63303ec8d10e84c8d241119419897a26116515d2", size = 27180, upload-time = "2025-07-30T10:01:57.759Z" },
    { url = "https://files.pythonhosted.org/packages/e2/c6/a759ece8f1829d1f162261226fbfd2c6832b3ff7657384045286d2afa384/argon2_cffi_bindings-25.1.0-cp39-abi3-win_amd64.whl", hash = "sha256:a98cd7d17e9f7ce244c0803cad3c23a7d379c301ba618a5fa76a67d116618b98", size = 31715, upload-time = "2025-07-30T10:01:58.56Z" },
    { url = "https://files.pythonhosted.org/packages/42/b9/f8d6fa329ab25128b7e98fd83a3cb34d9db5b059a9847eddb840a0af45dd/argon2_cffi_bindings-25.1.0-cp39-abi3-win_arm64.whl", hash = "sha256:b0fdbcf513833809c882823f98dc2f931cf659d9a1429616ac3adebb49f5db94", size = 27149, upload-time = "2025-07-30T10:01:59.329Z" },
    { url = "https://files.pythonhosted.org/packages/11/2d/ba4e4ca8d149f8dcc0d952ac0967089e1d759c7e5fcf0865a317eb680fbb/argon2_cffi_bindings-25.1.0-pp310-pypy310_pp73-macosx_10_15_x86_64.whl", hash = "sha256:6dca33a9859abf613e22733131fc9194091c1fa7cb3e131c143056b4856aa47e", size = 24549, upload-time = "2025-07-30T10:02:00.101Z" },
    { url = "https://files.pythonhosted.org/packages/5c/82/9b2386cc75ac0bd3210e12a44bfc7fd1632065ed8b80d573036eecb10442/argon2_cffi_bindings-25.1.0-pp310-pypy310_pp73-macosx_11_0_arm64.whl", hash = "sha256:21378b40e1b8d1655dd5310c84a40fc19a9aa5e6366e835ceb8576bf0fea716d", size = 25539, upload-time = "2025-07-30T10:02:00.929Z" },
    { url = "https://files.pythonhosted.org/packages/31/db/740de99a37aa727623730c90d92c22c9e12585b3c98c54b7960f7810289f/argon2_cffi_bindings-25.1.0-pp310-pypy310_pp73-manylinux_2_26_aarch64.manylinux_2_28_aarch64.whl", hash = "sha256:5d588dec224e2a83edbdc785a5e6f3c6cd736f46bfd4b441bbb5aa1f5085e584", size = 28467, upload-time = "2025-07-30T10:02:02.08Z" },
    { url = "https://files.pythonhosted.org/packages/71/7a/47c4509ea18d755f44e2b92b7178914f0c113946d11e16e626df8eaa2b0b/argon2_cffi_bindings-25.1.0-pp310-pypy310_pp73-manylinux_2_26_x86_64.manylinux_2_28_x86_64.whl", hash = "sha256:5acb4e41090d53f17ca1110c3427f0a130f944b896fc8c83973219c97f57b690", size = 27355, upload-time = "2025-07-30T10:02:02.867Z" },
    { url = "https://files.pythonhosted.org/packages/ee/82/82745642d3c46e7cea25e1885b014b033f4693346ce46b7f47483cf5d448/argon2_cffi_bindings-25.1.0-pp310-pypy310_pp73-win_amd64.whl", hash = "sha256:da0c79c23a63723aa5d782250fbf51b768abca630285262fb5144ba5ae01e520", size = 29187, upload-time = "2025-07-30T10:02:03.674Z" },
]

[[package]]
name = "arrow"
version = "1.4.0"
source = { registry = "https://pypi.org/simple" }
dependencies = [
    { name = "python-dateutil" },
    { name = "tzdata" },
]
sdist = { url = "https://files.pythonhosted.org/packages/b9/33/032cdc44182491aa708d06a68b62434140d8c50820a087fac7af37703357/arrow-1.4.0.tar.gz", hash = "sha256:ed0cc050e98001b8779e84d461b0098c4ac597e88704a655582b21d116e526d7", size = 152931, upload-time = "2025-10-18T17:46:46.761Z" }
wheels = [
    { url = "https://files.pythonhosted.org/packages/ed/c9/d7977eaacb9df673210491da99e6a247e93df98c715fc43fd136ce1d3d33/arrow-1.4.0-py3-none-any.whl", hash = "sha256:749f0769958ebdc79c173ff0b0670d59051a535fa26e8eba02953dc19eb43205", size = 68797, upload-time = "2025-10-18T17:46:45.663Z" },
]

[[package]]
name = "asgi-lifespan"
version = "2.1.0"
source = { registry = "https://pypi.org/simple" }
dependencies = [
    { name = "sniffio" },
]
sdist = { url = "https://files.pythonhosted.org/packages/6a/da/e7908b54e0f8043725a990bf625f2041ecf6bfe8eb7b19407f1c00b630f7/asgi-lifespan-2.1.0.tar.gz", hash = "sha256:5e2effaf0bfe39829cf2d64e7ecc47c7d86d676a6599f7afba378c31f5e3a308", size = 15627, upload-time = "2023-03-28T17:35:49.126Z" }
wheels = [
    { url = "https://files.pythonhosted.org/packages/2f/f5/c36551e93acba41a59939ae6a0fb77ddb3f2e8e8caa716410c65f7341f72/asgi_lifespan-2.1.0-py3-none-any.whl", hash = "sha256:ed840706680e28428c01e14afb3875d7d76d3206f3d5b2f2294e059b5c23804f", size = 10895, upload-time = "2023-03-28T17:35:47.772Z" },
]

[[package]]
name = "asn1crypto"
version = "1.5.1"
source = { registry = "https://pypi.org/simple" }
sdist = { url = "https://files.pythonhosted.org/packages/de/cf/d547feed25b5244fcb9392e288ff9fdc3280b10260362fc45d37a798a6ee/asn1crypto-1.5.1.tar.gz", hash = "sha256:13ae38502be632115abf8a24cbe5f4da52e3b5231990aff31123c805306ccb9c", size = 121080, upload-time = "2022-03-15T14:46:52.889Z" }
wheels = [
    { url = "https://files.pythonhosted.org/packages/c9/7f/09065fd9e27da0eda08b4d6897f1c13535066174cc023af248fc2a8d5e5a/asn1crypto-1.5.1-py2.py3-none-any.whl", hash = "sha256:db4e40728b728508912cbb3d44f19ce188f218e9eba635821bb4b68564f8fd67", size = 105045, upload-time = "2022-03-15T14:46:51.055Z" },
]

[[package]]
name = "asttokens"
version = "3.0.0"
source = { registry = "https://pypi.org/simple" }
sdist = { url = "https://files.pythonhosted.org/packages/4a/e7/82da0a03e7ba5141f05cce0d302e6eed121ae055e0456ca228bf693984bc/asttokens-3.0.0.tar.gz", hash = "sha256:0dcd8baa8d62b0c1d118b399b2ddba3c4aff271d0d7a9e0d4c1681c79035bbc7", size = 61978, upload-time = "2024-11-30T04:30:14.439Z" }
wheels = [
    { url = "https://files.pythonhosted.org/packages/25/8a/c46dcc25341b5bce5472c718902eb3d38600a903b14fa6aeecef3f21a46f/asttokens-3.0.0-py3-none-any.whl", hash = "sha256:e3078351a059199dd5138cb1c706e6430c05eff2ff136af5eb4790f9d28932e2", size = 26918, upload-time = "2024-11-30T04:30:10.946Z" },
]

[[package]]
name = "async-lru"
version = "2.0.5"
source = { registry = "https://pypi.org/simple" }
dependencies = [
    { name = "typing-extensions", marker = "python_full_version < '3.11'" },
]
sdist = { url = "https://files.pythonhosted.org/packages/b2/4d/71ec4d3939dc755264f680f6c2b4906423a304c3d18e96853f0a595dfe97/async_lru-2.0.5.tar.gz", hash = "sha256:481d52ccdd27275f42c43a928b4a50c3bfb2d67af4e78b170e3e0bb39c66e5bb", size = 10380, upload-time = "2025-03-16T17:25:36.919Z" }
wheels = [
    { url = "https://files.pythonhosted.org/packages/03/49/d10027df9fce941cb8184e78a02857af36360d33e1721df81c5ed2179a1a/async_lru-2.0.5-py3-none-any.whl", hash = "sha256:ab95404d8d2605310d345932697371a5f40def0487c03d6d0ad9138de52c9943", size = 6069, upload-time = "2025-03-16T17:25:35.422Z" },
]

[[package]]
name = "async-timeout"
version = "5.0.1"
source = { registry = "https://pypi.org/simple" }
sdist = { url = "https://files.pythonhosted.org/packages/a5/ae/136395dfbfe00dfc94da3f3e136d0b13f394cba8f4841120e34226265780/async_timeout-5.0.1.tar.gz", hash = "sha256:d9321a7a3d5a6a5e187e824d2fa0793ce379a202935782d555d6e9d2735677d3", size = 9274, upload-time = "2024-11-06T16:41:39.6Z" }
wheels = [
    { url = "https://files.pythonhosted.org/packages/fe/ba/e2081de779ca30d473f21f5b30e0e737c438205440784c7dfc81efc2b029/async_timeout-5.0.1-py3-none-any.whl", hash = "sha256:39e3809566ff85354557ec2398b55e096c8364bacac9405a7a1fa429e77fe76c", size = 6233, upload-time = "2024-11-06T16:41:37.9Z" },
]

[[package]]
name = "asyncpg"
version = "0.29.0"
source = { registry = "https://pypi.org/simple" }
dependencies = [
    { name = "async-timeout", marker = "python_full_version < '3.12'" },
]
sdist = { url = "https://files.pythonhosted.org/packages/c1/11/7a6000244eaeb6b8ed2238bf33477c486515d6133f2c295913aca3ba4a00/asyncpg-0.29.0.tar.gz", hash = "sha256:d1c49e1f44fffafd9a55e1a9b101590859d881d639ea2922516f5d9c512d354e", size = 820455, upload-time = "2023-11-05T05:59:10.879Z" }
wheels = [
    { url = "https://files.pythonhosted.org/packages/06/df/5cc866069c3a248a67d59a3de495afec34b4d36ed74101da4dfa1f456167/asyncpg-0.29.0-cp310-cp310-macosx_10_9_x86_64.whl", hash = "sha256:72fd0ef9f00aeed37179c62282a3d14262dbbafb74ec0ba16e1b1864d8a12169", size = 669258, upload-time = "2023-11-05T05:57:40.785Z" },
    { url = "https://files.pythonhosted.org/packages/a9/eb/569047f87d6b7ced42352af3771c1b1e6d39584f072e11068e3e3b4bde68/asyncpg-0.29.0-cp310-cp310-macosx_11_0_arm64.whl", hash = "sha256:52e8f8f9ff6e21f9b39ca9f8e3e33a5fcdceaf5667a8c5c32bee158e313be385", size = 650833, upload-time = "2023-11-05T05:57:43.369Z" },
    { url = "https://files.pythonhosted.org/packages/b8/38/d399e70fcfc880a70ae02551a68cfb1b3663d59850943f6e711ab19d3648/asyncpg-0.29.0-cp310-cp310-manylinux_2_17_aarch64.manylinux2014_aarch64.whl", hash = "sha256:a9e6823a7012be8b68301342ba33b4740e5a166f6bbda0aee32bc01638491a22", size = 2654513, upload-time = "2023-11-05T05:57:45.686Z" },
    { url = "https://files.pythonhosted.org/packages/1f/fb/e5b798ff0d6aceda7067dad9dbf1a11016ef7c8d0117d75f031a39f5ed1e/asyncpg-0.29.0-cp310-cp310-manylinux_2_17_x86_64.manylinux2014_x86_64.whl", hash = "sha256:746e80d83ad5d5464cfbf94315eb6744222ab00aa4e522b704322fb182b83610", size = 2677142, upload-time = "2023-11-05T05:57:48.253Z" },
    { url = "https://files.pythonhosted.org/packages/d5/98/314ccb06cf587656da2c58afb57b4ff3ddd661108db568c16c181af40436/asyncpg-0.29.0-cp310-cp310-musllinux_1_1_aarch64.whl", hash = "sha256:ff8e8109cd6a46ff852a5e6bab8b0a047d7ea42fcb7ca5ae6eaae97d8eacf397", size = 3206559, upload-time = "2023-11-05T05:57:50.49Z" },
    { url = "https://files.pythonhosted.org/packages/7e/ca/aad32992a1d38ff568e11be44d9b45942b48d50d3647f7b421f62fd99ef3/asyncpg-0.29.0-cp310-cp310-musllinux_1_1_x86_64.whl", hash = "sha256:97eb024685b1d7e72b1972863de527c11ff87960837919dac6e34754768098eb", size = 3237148, upload-time = "2023-11-05T05:57:53.027Z" },
    { url = "https://files.pythonhosted.org/packages/6d/66/0d26bebcb6794bb49cdd0104deba38cb8deed5d86196afb6f6366c03ee4e/asyncpg-0.29.0-cp310-cp310-win32.whl", hash = "sha256:5bbb7f2cafd8d1fa3e65431833de2642f4b2124be61a449fa064e1a08d27e449", size = 503268, upload-time = "2023-11-05T05:57:55.468Z" },
    { url = "https://files.pythonhosted.org/packages/a6/05/fed8ceefaef48dda4a24572906b2931b4bf5b20d037d2fc6b6f66f284439/asyncpg-0.29.0-cp310-cp310-win_amd64.whl", hash = "sha256:76c3ac6530904838a4b650b2880f8e7af938ee049e769ec2fba7cd66469d7772", size = 553053, upload-time = "2023-11-05T05:57:57.767Z" },
    { url = "https://files.pythonhosted.org/packages/69/28/3e3c4e243778f0361214b9d6e8bc6aa8e8bf55f35a2d2cb8949a6863caab/asyncpg-0.29.0-cp311-cp311-macosx_10_9_x86_64.whl", hash = "sha256:d4900ee08e85af01adb207519bb4e14b1cae8fd21e0ccf80fac6aa60b6da37b4", size = 653061, upload-time = "2023-11-05T05:58:00.147Z" },
    { url = "https://files.pythonhosted.org/packages/4a/13/f96284d7014dd06db2e78bea15706443d7895548bf74cf34f0c3ee1863fd/asyncpg-0.29.0-cp311-cp311-macosx_11_0_arm64.whl", hash = "sha256:a65c1dcd820d5aea7c7d82a3fdcb70e096f8f70d1a8bf93eb458e49bfad036ac", size = 638740, upload-time = "2023-11-05T05:58:02.438Z" },
    { url = "https://files.pythonhosted.org/packages/27/25/d140bd503932f99528edc0a1461648973ad3c1c67f5929d11f3e8b5f81f4/asyncpg-0.29.0-cp311-cp311-manylinux_2_17_aarch64.manylinux2014_aarch64.whl", hash = "sha256:5b52e46f165585fd6af4863f268566668407c76b2c72d366bb8b522fa66f1870", size = 2788952, upload-time = "2023-11-05T05:58:04.895Z" },
    { url = "https://files.pythonhosted.org/packages/c4/41/a0bdc18f13bdd5f27e7fc1b5de7e1caae19951967c109bca1a2e99cf3331/asyncpg-0.29.0-cp311-cp311-manylinux_2_17_x86_64.manylinux2014_x86_64.whl", hash = "sha256:dc600ee8ef3dd38b8d67421359779f8ccec30b463e7aec7ed481c8346decf99f", size = 2809108, upload-time = "2023-11-05T05:58:07.021Z" },
    { url = "https://files.pythonhosted.org/packages/f2/1f/1737248d7b1b75d19e7f07a98321bc58cb6fc979754c78544cfebff3359b/asyncpg-0.29.0-cp311-cp311-musllinux_1_1_aarch64.whl", hash = "sha256:039a261af4f38f949095e1e780bae84a25ffe3e370175193174eb08d3cecab23", size = 3355924, upload-time = "2023-11-05T05:58:09.676Z" },
    { url = "https://files.pythonhosted.org/packages/88/b0/6bebd69ed484055d47b78ea34fd9887c35694b63c9a648a7f02759d3bf73/asyncpg-0.29.0-cp311-cp311-musllinux_1_1_x86_64.whl", hash = "sha256:6feaf2d8f9138d190e5ec4390c1715c3e87b37715cd69b2c3dfca616134efd2b", size = 3391360, upload-time = "2023-11-05T05:58:12.203Z" },
    { url = "https://files.pythonhosted.org/packages/5b/89/3ed6e9d235f8aa13aa8ee8dc3a70f754962dbd441bec2dcfdae9f9e0e2e3/asyncpg-0.29.0-cp311-cp311-win32.whl", hash = "sha256:1e186427c88225ef730555f5fdda6c1812daa884064bfe6bc462fd3a71c4b675", size = 496216, upload-time = "2023-11-05T05:58:14.483Z" },
    { url = "https://files.pythonhosted.org/packages/f2/39/f7e755b5d5aa59d8385c08be58726aceffc1da9360041031554d664c783f/asyncpg-0.29.0-cp311-cp311-win_amd64.whl", hash = "sha256:cfe73ffae35f518cfd6e4e5f5abb2618ceb5ef02a2365ce64f132601000587d3", size = 543321, upload-time = "2023-11-05T05:58:16.329Z" },
    { url = "https://files.pythonhosted.org/packages/f2/b7/38b7c195f66a5598413c538da499b3f8119ba5764ded6fff620f7eb84c65/asyncpg-0.29.0-cp312-cp312-macosx_10_9_x86_64.whl", hash = "sha256:6011b0dc29886ab424dc042bf9eeb507670a3b40aece3439944006aafe023178", size = 636282, upload-time = "2023-11-05T05:58:18.594Z" },
    { url = "https://files.pythonhosted.org/packages/eb/0b/d128b57f7e994a6d71253d0a6a8c949fc50c969785010d46b87d8491be24/asyncpg-0.29.0-cp312-cp312-macosx_11_0_arm64.whl", hash = "sha256:b544ffc66b039d5ec5a7454667f855f7fec08e0dfaf5a5490dfafbb7abbd2cfb", size = 618024, upload-time = "2023-11-05T05:58:20.55Z" },
    { url = "https://files.pythonhosted.org/packages/49/ac/0396e559e1e7ab23787f790ae96b22affe2d66acebb084d6fc42293d12b8/asyncpg-0.29.0-cp312-cp312-manylinux_2_17_aarch64.manylinux2014_aarch64.whl", hash = "sha256:d84156d5fb530b06c493f9e7635aa18f518fa1d1395ef240d211cb563c4e2364", size = 3196465, upload-time = "2023-11-05T05:58:22.559Z" },
    { url = "https://files.pythonhosted.org/packages/99/38/0bfb00e9b828513bd759174860fd2b1c5e36d0b33985c90ff4ed6f96814c/asyncpg-0.29.0-cp312-cp312-manylinux_2_17_x86_64.manylinux2014_x86_64.whl", hash = "sha256:54858bc25b49d1114178d65a88e48ad50cb2b6f3e475caa0f0c092d5f527c106", size = 3275564, upload-time = "2023-11-05T05:58:24.888Z" },
    { url = "https://files.pythonhosted.org/packages/16/1b/bb42784e9895832bf460ee6643f818bd53e4d6a6308cca5984c581a51845/asyncpg-0.29.0-cp312-cp312-musllinux_1_1_aarch64.whl", hash = "sha256:bde17a1861cf10d5afce80a36fca736a86769ab3579532c03e45f83ba8a09c59", size = 3164724, upload-time = "2023-11-05T05:58:27.368Z" },
    { url = "https://files.pythonhosted.org/packages/d5/d1/7ed5169e30e80573c942f5a6f29b2f87d5b8379bdd9bd916f0ed136c874e/asyncpg-0.29.0-cp312-cp312-musllinux_1_1_x86_64.whl", hash = "sha256:37a2ec1b9ff88d8773d3eb6d3784dc7e3fee7756a5317b67f923172a4748a175", size = 3252834, upload-time = "2023-11-05T05:58:30.068Z" },
    { url = "https://files.pythonhosted.org/packages/91/2e/20e024608c57c2099531ba492c761b12fdd80891a67e58c92de44d05d57e/asyncpg-0.29.0-cp312-cp312-win32.whl", hash = "sha256:bb1292d9fad43112a85e98ecdc2e051602bce97c199920586be83254d9dafc02", size = 487254, upload-time = "2023-11-05T05:58:32.517Z" },
    { url = "https://files.pythonhosted.org/packages/71/86/7a18e1a457afb73991e5e5586e2341af09a31c91d8f65cc003f0b4553252/asyncpg-0.29.0-cp312-cp312-win_amd64.whl", hash = "sha256:2245be8ec5047a605e0b454c894e54bf2ec787ac04b1cb7e0d3c67aa1e32f0fe", size = 530253, upload-time = "2023-11-05T05:58:34.273Z" },
]

[[package]]
name = "attrs"
version = "25.4.0"
source = { registry = "https://pypi.org/simple" }
sdist = { url = "https://files.pythonhosted.org/packages/6b/5c/685e6633917e101e5dcb62b9dd76946cbb57c26e133bae9e0cd36033c0a9/attrs-25.4.0.tar.gz", hash = "sha256:16d5969b87f0859ef33a48b35d55ac1be6e42ae49d5e853b597db70c35c57e11", size = 934251, upload-time = "2025-10-06T13:54:44.725Z" }
wheels = [
    { url = "https://files.pythonhosted.org/packages/3a/2a/7cc015f5b9f5db42b7d48157e23356022889fc354a2813c15934b7cb5c0e/attrs-25.4.0-py3-none-any.whl", hash = "sha256:adcf7e2a1fb3b36ac48d97835bb6d8ade15b8dcce26aba8bf1d14847b57a3373", size = 67615, upload-time = "2025-10-06T13:54:43.17Z" },
]

[[package]]
name = "babel"
version = "2.17.0"
source = { registry = "https://pypi.org/simple" }
sdist = { url = "https://files.pythonhosted.org/packages/7d/6b/d52e42361e1aa00709585ecc30b3f9684b3ab62530771402248b1b1d6240/babel-2.17.0.tar.gz", hash = "sha256:0c54cffb19f690cdcc52a3b50bcbf71e07a808d1c80d549f2459b9d2cf0afb9d", size = 9951852, upload-time = "2025-02-01T15:17:41.026Z" }
wheels = [
    { url = "https://files.pythonhosted.org/packages/b7/b8/3fe70c75fe32afc4bb507f75563d39bc5642255d1d94f1f23604725780bf/babel-2.17.0-py3-none-any.whl", hash = "sha256:4d0b53093fdfb4b21c92b5213dba5a1b23885afa8383709427046b21c366e5f2", size = 10182537, upload-time = "2025-02-01T15:17:37.39Z" },
]

[[package]]
name = "backports-tarfile"
version = "1.2.0"
source = { registry = "https://pypi.org/simple" }
sdist = { url = "https://files.pythonhosted.org/packages/86/72/cd9b395f25e290e633655a100af28cb253e4393396264a98bd5f5951d50f/backports_tarfile-1.2.0.tar.gz", hash = "sha256:d75e02c268746e1b8144c278978b6e98e85de6ad16f8e4b0844a154557eca991", size = 86406, upload-time = "2024-05-28T17:01:54.731Z" }
wheels = [
    { url = "https://files.pythonhosted.org/packages/b9/fa/123043af240e49752f1c4bd24da5053b6bd00cad78c2be53c0d1e8b975bc/backports.tarfile-1.2.0-py3-none-any.whl", hash = "sha256:77e284d754527b01fb1e6fa8a1afe577858ebe4e9dad8919e34c862cb399bc34", size = 30181, upload-time = "2024-05-28T17:01:53.112Z" },
]

[[package]]
name = "beautifulsoup4"
version = "4.14.2"
source = { registry = "https://pypi.org/simple" }
dependencies = [
    { name = "soupsieve" },
    { name = "typing-extensions" },
]
sdist = { url = "https://files.pythonhosted.org/packages/77/e9/df2358efd7659577435e2177bfa69cba6c33216681af51a707193dec162a/beautifulsoup4-4.14.2.tar.gz", hash = "sha256:2a98ab9f944a11acee9cc848508ec28d9228abfd522ef0fad6a02a72e0ded69e", size = 625822, upload-time = "2025-09-29T10:05:42.613Z" }
wheels = [
    { url = "https://files.pythonhosted.org/packages/94/fe/3aed5d0be4d404d12d36ab97e2f1791424d9ca39c2f754a6285d59a3b01d/beautifulsoup4-4.14.2-py3-none-any.whl", hash = "sha256:5ef6fa3a8cbece8488d66985560f97ed091e22bbc4e9c2338508a9d5de6d4515", size = 106392, upload-time = "2025-09-29T10:05:43.771Z" },
]

[[package]]
name = "black"
version = "24.8.0"
source = { registry = "https://pypi.org/simple" }
dependencies = [
    { name = "click" },
    { name = "mypy-extensions" },
    { name = "packaging" },
    { name = "pathspec" },
    { name = "platformdirs" },
    { name = "tomli", marker = "python_full_version < '3.11'" },
    { name = "typing-extensions", marker = "python_full_version < '3.11'" },
]
sdist = { url = "https://files.pythonhosted.org/packages/04/b0/46fb0d4e00372f4a86a6f8efa3cb193c9f64863615e39010b1477e010578/black-24.8.0.tar.gz", hash = "sha256:2500945420b6784c38b9ee885af039f5e7471ef284ab03fa35ecdde4688cd83f", size = 644810, upload-time = "2024-08-02T17:43:18.405Z" }
wheels = [
    { url = "https://files.pythonhosted.org/packages/47/6e/74e29edf1fba3887ed7066930a87f698ffdcd52c5dbc263eabb06061672d/black-24.8.0-cp310-cp310-macosx_10_9_x86_64.whl", hash = "sha256:09cdeb74d494ec023ded657f7092ba518e8cf78fa8386155e4a03fdcc44679e6", size = 1632092, upload-time = "2024-08-02T17:47:26.911Z" },
    { url = "https://files.pythonhosted.org/packages/ab/49/575cb6c3faee690b05c9d11ee2e8dba8fbd6d6c134496e644c1feb1b47da/black-24.8.0-cp310-cp310-macosx_11_0_arm64.whl", hash = "sha256:81c6742da39f33b08e791da38410f32e27d632260e599df7245cccee2064afeb", size = 1457529, upload-time = "2024-08-02T17:47:29.109Z" },
    { url = "https://files.pythonhosted.org/packages/7a/b4/d34099e95c437b53d01c4aa37cf93944b233066eb034ccf7897fa4e5f286/black-24.8.0-cp310-cp310-manylinux_2_17_x86_64.manylinux2014_x86_64.manylinux_2_28_x86_64.whl", hash = "sha256:707a1ca89221bc8a1a64fb5e15ef39cd755633daa672a9db7498d1c19de66a42", size = 1757443, upload-time = "2024-08-02T17:46:20.306Z" },
    { url = "https://files.pythonhosted.org/packages/87/a0/6d2e4175ef364b8c4b64f8441ba041ed65c63ea1db2720d61494ac711c15/black-24.8.0-cp310-cp310-win_amd64.whl", hash = "sha256:d6417535d99c37cee4091a2f24eb2b6d5ec42b144d50f1f2e436d9fe1916fe1a", size = 1418012, upload-time = "2024-08-02T17:47:20.33Z" },
    { url = "https://files.pythonhosted.org/packages/08/a6/0a3aa89de9c283556146dc6dbda20cd63a9c94160a6fbdebaf0918e4a3e1/black-24.8.0-cp311-cp311-macosx_10_9_x86_64.whl", hash = "sha256:fb6e2c0b86bbd43dee042e48059c9ad7830abd5c94b0bc518c0eeec57c3eddc1", size = 1615080, upload-time = "2024-08-02T17:48:05.467Z" },
